
Microsoft Visual Studio Solution File, Format Version 12.00
# Visual Studio Version 17
VisualStudioVersion = 17.14.36310.24 d17.14
MinimumVisualStudioVersion = 10.0.40219.1
Project("{FAE04EC0-301F-11D3-BF4B-00C04F79EFBC}") = "OmniToolkit", "OmniToolkit\OmniToolkit.csproj", "{A3493434-11EA-4C38-87F6-D1F5E0CC57E5}"
EndProject
Project("{2150E333-8FDC-42A3-9474-1A3956D46DE8}") = "1.Start", "1.Start", "{02EA681E-C7D8-13C7-8484-4AC65E1B71E8}"
EndProject
Project("{2150E333-8FDC-42A3-9474-1A3956D46DE8}") = "2.Modules", "2.Modules", "{93045285-49E4-4CAF-9091-DAB663FF872D}"
EndProject
Project("{2150E333-8FDC-42A3-9474-1A3956D46DE8}") = "4.BLL", "4.BLL", "{E88D9619-4168-481B-BC68-929A0E6978AA}"
EndProject
Project("{2150E333-8FDC-42A3-9474-1A3956D46DE8}") = "5.DAL", "5.DAL", "{525AE5CE-B875-460B-A65B-91C7047119FE}"
EndProject
Project("{2150E333-8FDC-42A3-9474-1A3956D46DE8}") = "3.ApplicationService", "3.ApplicationService", "{98A3E0B1-2FA8-4009-973A-96E7286EF632}"
EndProject
Project("{2150E333-8FDC-42A3-9474-1A3956D46DE8}") = "6.Entity", "6.Entity", "{F80A8E3B-23F5-4E0D-8D52-2862C58A2994}"
EndProject
Project("{2150E333-8FDC-42A3-9474-1A3956D46DE8}") = "7.Infrastructure", "7.Infrastructure", "{6CA0F9FC-656D-41BB-825A-84EB060E75A8}"
EndProject
Project("{2150E333-8FDC-42A3-9474-1A3956D46DE8}") = "8.Common", "8.Common", "{87B876B7-F473-4B94-BC86-F4A7362D1FF2}"
EndProject
Project("{FAE04EC0-301F-11D3-BF4B-00C04F79EFBC}") = "Base", "Base\Base.csproj", "{148CD0BB-98C5-4AD9-808E-3C6D0973A871}"
EndProject
Project("{FAE04EC0-301F-11D3-BF4B-00C04F79EFBC}") = "BaseMethods", "BaseMethods\BaseMethods.csproj", "{34E00367-8103-4CA4-8A1D-7ED7D17BFFDA}"
EndProject
Project("{FAE04EC0-301F-11D3-BF4B-00C04F79EFBC}") = "Resources", "Resources\Resources.csproj", "{74F71F5F-51EF-43CD-BD50-269521EA668A}"
EndProject
Project("{FAE04EC0-301F-11D3-BF4B-00C04F79EFBC}") = "Entity", "Entity\Entity.csproj", "{F2231562-BFEC-4A52-B61D-2A93B1B512BE}"
EndProject
Project("{2150E333-8FDC-42A3-9474-1A3956D46DE8}") = "Log", "Log", "{74EFEAB7-4A33-4C00-923A-33C5133EA68B}"
EndProject
Project("{2150E333-8FDC-42A3-9474-1A3956D46DE8}") = "Dialog", "Dialog", "{723A6FCB-E186-48FA-BFEE-8C3BB2A3FE40}"
EndProject
Project("{2150E333-8FDC-42A3-9474-1A3956D46DE8}") = "Serializer", "Serializer", "{6523D301-4D2D-4C43-8814-35A32C98DD15}"
EndProject
Global
	GlobalSection(SolutionConfigurationPlatforms) = preSolution
		Debug|Any CPU = Debug|Any CPU
		Release|Any CPU = Release|Any CPU
	EndGlobalSection
	GlobalSection(ProjectConfigurationPlatforms) = postSolution
		{A3493434-11EA-4C38-87F6-D1F5E0CC57E5}.Debug|Any CPU.ActiveCfg = Debug|Any CPU
		{A3493434-11EA-4C38-87F6-D1F5E0CC57E5}.Debug|Any CPU.Build.0 = Debug|Any CPU
		{A3493434-11EA-4C38-87F6-D1F5E0CC57E5}.Release|Any CPU.ActiveCfg = Release|Any CPU
		{A3493434-11EA-4C38-87F6-D1F5E0CC57E5}.Release|Any CPU.Build.0 = Release|Any CPU
		{148CD0BB-98C5-4AD9-808E-3C6D0973A871}.Debug|Any CPU.ActiveCfg = Debug|Any CPU
		{148CD0BB-98C5-4AD9-808E-3C6D0973A871}.Debug|Any CPU.Build.0 = Debug|Any CPU
		{148CD0BB-98C5-4AD9-808E-3C6D0973A871}.Release|Any CPU.ActiveCfg = Release|Any CPU
		{148CD0BB-98C5-4AD9-808E-3C6D0973A871}.Release|Any CPU.Build.0 = Release|Any CPU
		{34E00367-8103-4CA4-8A1D-7ED7D17BFFDA}.Debug|Any CPU.ActiveCfg = Debug|Any CPU
		{34E00367-8103-4CA4-8A1D-7ED7D17BFFDA}.Debug|Any CPU.Build.0 = Debug|Any CPU
		{34E00367-8103-4CA4-8A1D-7ED7D17BFFDA}.Release|Any CPU.ActiveCfg = Release|Any CPU
		{34E00367-8103-4CA4-8A1D-7ED7D17BFFDA}.Release|Any CPU.Build.0 = Release|Any CPU
		{74F71F5F-51EF-43CD-BD50-269521EA668A}.Debug|Any CPU.ActiveCfg = Debug|Any CPU
		{74F71F5F-51EF-43CD-BD50-269521EA668A}.Debug|Any CPU.Build.0 = Debug|Any CPU
		{74F71F5F-51EF-43CD-BD50-269521EA668A}.Release|Any CPU.ActiveCfg = Release|Any CPU
		{74F71F5F-51EF-43CD-BD50-269521EA668A}.Release|Any CPU.Build.0 = Release|Any CPU
		{F2231562-BFEC-4A52-B61D-2A93B1B512BE}.Debug|Any CPU.ActiveCfg = Debug|Any CPU
		{F2231562-BFEC-4A52-B61D-2A93B1B512BE}.Debug|Any CPU.Build.0 = Debug|Any CPU
		{F2231562-BFEC-4A52-B61D-2A93B1B512BE}.Release|Any CPU.ActiveCfg = Release|Any CPU
		{F2231562-BFEC-4A52-B61D-2A93B1B512BE}.Release|Any CPU.Build.0 = Release|Any CPU
	EndGlobalSection
	GlobalSection(SolutionProperties) = preSolution
		HideSolutionNode = FALSE
	EndGlobalSection
	GlobalSection(NestedProjects) = preSolution
		{A3493434-11EA-4C38-87F6-D1F5E0CC57E5} = {02EA681E-C7D8-13C7-8484-4AC65E1B71E8}
		{148CD0BB-98C5-4AD9-808E-3C6D0973A871} = {87B876B7-F473-4B94-BC86-F4A7362D1FF2}
		{34E00367-8103-4CA4-8A1D-7ED7D17BFFDA} = {87B876B7-F473-4B94-BC86-F4A7362D1FF2}
		{74F71F5F-51EF-43CD-BD50-269521EA668A} = {87B876B7-F473-4B94-BC86-F4A7362D1FF2}
		{F2231562-BFEC-4A52-B61D-2A93B1B512BE} = {F80A8E3B-23F5-4E0D-8D52-2862C58A2994}
		{74EFEAB7-4A33-4C00-923A-33C5133EA68B} = {6CA0F9FC-656D-41BB-825A-84EB060E75A8}
		{723A6FCB-E186-48FA-BFEE-8C3BB2A3FE40} = {6CA0F9FC-656D-41BB-825A-84EB060E75A8}
		{6523D301-4D2D-4C43-8814-35A32C98DD15} = {6CA0F9FC-656D-41BB-825A-84EB060E75A8}
	EndGlobalSection
	GlobalSection(ExtensibilityGlobals) = postSolution
		SolutionGuid = {C2A3D007-4326-46CF-8CB7-A9673C104FB9}
	EndGlobalSection
EndGlobal
